schema: '2.0'
stages:
  build_features:
    cmd: python .\src\features\build_features.py
    deps:
    - path: .\data\raw\
      hash: md5
      md5: 775bd993f722629b752d2bdee167a7a2.dir
      size: 271383386
      nfiles: 3
    - path: .\src\features\build_features.py
      hash: md5
      md5: d9f4a053dc438c6bac1786e7dd16352b
      size: 1136
  train_model:
    cmd: python .\src\models\train_model.py .\data\processed\
    deps:
    - path: .\data\processed\
      hash: md5
      md5: fcf68ca89b30e31713e10172cfa9513c.dir
      size: 335293872
      nfiles: 3
    - path: .\src\models\train_model.py
      hash: md5
      md5: dfa5685a65b7f0cc727fd49de94baed9
      size: 3828
  push_model:
    cmd: python .\src\models\push_model.py .\data\processed\
    deps:
    - path: .\models\
      hash: md5
      md5: 2eda7af9ba5c5b266c4e4b70c80b38f6.dir
      size: 172829
      nfiles: 2
    - path: .\src\models\train_model.py
      hash: md5
      md5: dfa5685a65b7f0cc727fd49de94baed9
      size: 3828
